
Microsoft Visual Studio Solution File, Format Version 12.00
# Visual Studio Version 16
VisualStudioVersion = 16.0.30711.63
MinimumVisualStudioVersion = 10.0.40219.1
Project("{FAE04EC0-301F-11D3-BF4B-00C04F79EFBC}") = "Commander", "Commander.csproj", "{3ECF7017-510E-4099-A524-D80FA9786772}"
EndProject
Global
	GlobalSection(SolutionConfigurationPlatforms) = preSolution
		Debug|Any CPU = Debug|Any CPU
		Release|Any CPU = Release|Any CPU
	EndGlobalSection
	GlobalSection(ProjectConfigurationPlatforms) = postSolution
		{3ECF7017-510E-4099-A524-D80FA9786772}.Debug|Any CPU.ActiveCfg = Debug|Any CPU
		{3ECF7017-510E-4099-A524-D80FA9786772}.Debug|Any CPU.Build.0 = Debug|Any CPU
		{3ECF7017-510E-4099-A524-D80FA9786772}.Release|Any CPU.ActiveCfg = Release|Any CPU
		{3ECF7017-510E-4099-A524-D80FA9786772}.Release|Any CPU.Build.0 = Release|Any CPU
	EndGlobalSection
	GlobalSection(SolutionProperties) = preSolution
		HideSolutionNode = FALSE
	EndGlobalSection
	GlobalSection(ExtensibilityGlobals) = postSolution
		SolutionGuid = {0E37B0C2-71F0-47E4-A271-D4AE188F736A}
	EndGlobalSection
EndGlobal
